// !$*UTF8*$!
{
	archiveVersion = 1;
	classes = {
	};
	objectVersion = 50;
	objects = {

/* Begin PBXBuildFile section */
		BF71FAC5249B649B00210980 /* Main.storyboard in Resources */ = {isa = PBXBuildFile; fileRef = BFCBE1CA249A6D7B0050D17F /* Main.storyboard */; };
		BF71FAC6249B649C00210980 /* Main.storyboard in Resources */ = {isa = PBXBuildFile; fileRef = BFCBE1CA249A6D7B0050D17F /* Main.storyboard */; };
		BF71FAC9249B89EA00210980 /* AsyncImageView.swift in Sources */ = {isa = PBXBuildFile; fileRef = BF71FAC8249B89EA00210980 /* AsyncImageView.swift */; };
		BF776DE4249BAE0B00351735 /* Utilities.swift in Sources */ = {isa = PBXBuildFile; fileRef = BF776DE3249BAE0B00351735 /* Utilities.swift */; };
		BF776DE5249BEBC100351735 /* ArticleViewController.swift in Sources */ = {isa = PBXBuildFile; fileRef = BFCBE1C8249A6D7B0050D17F /* ArticleViewController.swift */; };
		BF776DE6249BEBC200351735 /* ArticleViewController.swift in Sources */ = {isa = PBXBuildFile; fileRef = BFCBE1C8249A6D7B0050D17F /* ArticleViewController.swift */; };
		BF776DE9249C66A600351735 /* CoreDataManager.swift in Sources */ = {isa = PBXBuildFile; fileRef = BF776DE8249C66A600351735 /* CoreDataManager.swift */; };
		BF776DEA249C66A600351735 /* CoreDataManager.swift in Sources */ = {isa = PBXBuildFile; fileRef = BF776DE8249C66A600351735 /* CoreDataManager.swift */; };
		BF776DEB249C66A600351735 /* CoreDataManager.swift in Sources */ = {isa = PBXBuildFile; fileRef = BF776DE8249C66A600351735 /* CoreDataManager.swift */; };
		BF776DF2249CA48F00351735 /* NetworkManager.swift in Sources */ = {isa = PBXBuildFile; fileRef = BF776DF1249CA48F00351735 /* NetworkManager.swift */; };
		BF776DF3249CA48F00351735 /* NetworkManager.swift in Sources */ = {isa = PBXBuildFile; fileRef = BF776DF1249CA48F00351735 /* NetworkManager.swift */; };
		BF776DF4249CA48F00351735 /* NetworkManager.swift in Sources */ = {isa = PBXBuildFile; fileRef = BF776DF1249CA48F00351735 /* NetworkManager.swift */; };
		BF776DF6249CAB6F00351735 /* DataHelper.swift in Sources */ = {isa = PBXBuildFile; fileRef = BF776DF5249CAB6F00351735 /* DataHelper.swift */; };
		BF776DF7249CAB6F00351735 /* DataHelper.swift in Sources */ = {isa = PBXBuildFile; fileRef = BF776DF5249CAB6F00351735 /* DataHelper.swift */; };
		BF776DF8249CAB6F00351735 /* DataHelper.swift in Sources */ = {isa = PBXBuildFile; fileRef = BF776DF5249CAB6F00351735 /* DataHelper.swift */; };
		BF776DFB249CB70400351735 /* ArticleDB.xcdatamodeld in Sources */ = {isa = PBXBuildFile; fileRef = BF776DF9249CB70400351735 /* ArticleDB.xcdatamodeld */; };
		BF776DFC249CB70400351735 /* ArticleDB.xcdatamodeld in Sources */ = {isa = PBXBuildFile; fileRef = BF776DF9249CB70400351735 /* ArticleDB.xcdatamodeld */; };
		BF776DFD249CB70400351735 /* ArticleDB.xcdatamodeld in Sources */ = {isa = PBXBuildFile; fileRef = BF776DF9249CB70400351735 /* ArticleDB.xcdatamodeld */; };
		BF7F8F1D249D2F0C0059DE1F /* User.swift in Sources */ = {isa = PBXBuildFile; fileRef = BF7F8F1C249D2F0C0059DE1F /* User.swift */; };
		BF7F8F1E249D2F0C0059DE1F /* User.swift in Sources */ = {isa = PBXBuildFile; fileRef = BF7F8F1C249D2F0C0059DE1F /* User.swift */; };
		BF7F8F1F249D2F0C0059DE1F /* User.swift in Sources */ = {isa = PBXBuildFile; fileRef = BF7F8F1C249D2F0C0059DE1F /* User.swift */; };
		BF7F8F21249D2F1C0059DE1F /* Media.swift in Sources */ = {isa = PBXBuildFile; fileRef = BF7F8F20249D2F1C0059DE1F /* Media.swift */; };
		BF7F8F22249D2F1C0059DE1F /* Media.swift in Sources */ = {isa = PBXBuildFile; fileRef = BF7F8F20249D2F1C0059DE1F /* Media.swift */; };
		BF7F8F23249D2F1C0059DE1F /* Media.swift in Sources */ = {isa = PBXBuildFile; fileRef = BF7F8F20249D2F1C0059DE1F /* Media.swift */; };
		BFCBE1C5249A6D7B0050D17F /* AppDelegate.swift in Sources */ = {isa = PBXBuildFile; fileRef = BFCBE1C4249A6D7B0050D17F /* AppDelegate.swift */; };
		BFCBE1C7249A6D7B0050D17F /* SceneDelegate.swift in Sources */ = {isa = PBXBuildFile; fileRef = BFCBE1C6249A6D7B0050D17F /* SceneDelegate.swift */; };
		BFCBE1C9249A6D7B0050D17F /* ArticleViewController.swift in Sources */ = {isa = PBXBuildFile; fileRef = BFCBE1C8249A6D7B0050D17F /* ArticleViewController.swift */; };
		BFCBE1CC249A6D7B0050D17F /* Main.storyboard in Resources */ = {isa = PBXBuildFile; fileRef = BFCBE1CA249A6D7B0050D17F /* Main.storyboard */; };
		BFCBE1CE249A6D7E0050D17F /* Assets.xcassets in Resources */ = {isa = PBXBuildFile; fileRef = BFCBE1CD249A6D7E0050D17F /* Assets.xcassets */; };
		BFCBE1D1249A6D7E0050D17F /* LaunchScreen.storyboard in Resources */ = {isa = PBXBuildFile; fileRef = BFCBE1CF249A6D7E0050D17F /* LaunchScreen.storyboard */; };
		BFCBE1DC249A6D7F0050D17F /* J2JBloggerTests.swift in Sources */ = {isa = PBXBuildFile; fileRef = BFCBE1DB249A6D7F0050D17F /* J2JBloggerTests.swift */; };
		BFCBE1E7249A6D7F0050D17F /* J2JBloggerUITests.swift in Sources */ = {isa = PBXBuildFile; fileRef = BFCBE1E6249A6D7F0050D17F /* J2JBloggerUITests.swift */; };
		BFCBE1F9249A6ECB0050D17F /* Article.swift in Sources */ = {isa = PBXBuildFile; fileRef = BFCBE1F8249A6ECB0050D17F /* Article.swift */; };
		BFCBE1FA249A6ECB0050D17F /* Article.swift in Sources */ = {isa = PBXBuildFile; fileRef = BFCBE1F8249A6ECB0050D17F /* Article.swift */; };
		BFCBE1FB249A6ECB0050D17F /* Article.swift in Sources */ = {isa = PBXBuildFile; fileRef = BFCBE1F8249A6ECB0050D17F /* Article.swift */; };
		BFCBE1FD249A6F090050D17F /* ArticleViewModel.swift in Sources */ = {isa = PBXBuildFile; fileRef = BFCBE1FC249A6F090050D17F /* ArticleViewModel.swift */; };
		BFCBE1FE249A6F090050D17F /* ArticleViewModel.swift in Sources */ = {isa = PBXBuildFile; fileRef = BFCBE1FC249A6F090050D17F /* ArticleViewModel.swift */; };
		BFCBE1FF249A6F090050D17F /* ArticleViewModel.swift in Sources */ = {isa = PBXBuildFile; fileRef = BFCBE1FC249A6F090050D17F /* ArticleViewModel.swift */; };
		BFCBE202249A71950050D17F /* ClientService.swift in Sources */ = {isa = PBXBuildFile; fileRef = BFCBE201249A71950050D17F /* ClientService.swift */; };
		BFCBE205249B32E00050D17F /* ClientService.swift in Sources */ = {isa = PBXBuildFile; fileRef = BFCBE201249A71950050D17F /* ClientService.swift */; };
		BFCBE206249B32E10050D17F /* ClientService.swift in Sources */ = {isa = PBXBuildFile; fileRef = BFCBE201249A71950050D17F /* ClientService.swift */; };
		BFCBE208249B58E20050D17F /* ArticleCell.swift in Sources */ = {isa = PBXBuildFile; fileRef = BFCBE207249B58E20050D17F /* ArticleCell.swift */; };
		BFCBE209249B58E20050D17F /* ArticleCell.swift in Sources */ = {isa = PBXBuildFile; fileRef = BFCBE207249B58E20050D17F /* ArticleCell.swift */; };
		BFCBE20A249B58E20050D17F /* ArticleCell.swift in Sources */ = {isa = PBXBuildFile; fileRef = BFCBE207249B58E20050D17F /* ArticleCell.swift */; };
/* End PBXBuildFile section */

/* Begin PBXContainerItemProxy section */
		BFCBE1D8249A6D7F0050D17F /* PBXContainerItemProxy */ = {
			isa = PBXContainerItemProxy;
			containerPortal = BFCBE1B9249A6D7B0050D17F /* Project object */;
			proxyType = 1;
			remoteGlobalIDString = BFCBE1C0249A6D7B0050D17F;
			remoteInfo = J2JBlogger;
		};
		BFCBE1E3249A6D7F0050D17F /* PBXContainerItemProxy */ = {
			isa = PBXContainerItemProxy;
			containerPortal = BFCBE1B9249A6D7B0050D17F /* Project object */;
			proxyType = 1;
			remoteGlobalIDString = BFCBE1C0249A6D7B0050D17F;
			remoteInfo = J2JBlogger;
		};
/* End PBXContainerItemProxy section */

/* Begin PBXFileReference section */
		BF71FAC8249B89EA00210980 /* AsyncImageView.swift */ = {isa = PBXFileReference; lastKnownFileType = sourcecode.swift; path = AsyncImageView.swift; sourceTree = "<group>"; };
		BF776DE3249BAE0B00351735 /* Utilities.swift */ = {isa = PBXFileReference; lastKnownFileType = sourcecode.swift; path = Utilities.swift; sourceTree = "<group>"; };
		BF776DE8249C66A600351735 /* CoreDataManager.swift */ = {isa = PBXFileReference; lastKnownFileType = sourcecode.swift; path = CoreDataManager.swift; sourceTree = "<group>"; };
		BF776DF1249CA48F00351735 /* NetworkManager.swift */ = {isa = PBXFileReference; lastKnownFileType = sourcecode.swift; path = NetworkManager.swift; sourceTree = "<group>"; };
		BF776DF5249CAB6F00351735 /* DataHelper.swift */ = {isa = PBXFileReference; lastKnownFileType = sourcecode.swift; path = DataHelper.swift; sourceTree = "<group>"; };
		BF776DFA249CB70400351735 /* ArticleDB.xcdatamodel */ = {isa = PBXFileReference; lastKnownFileType = wrapper.xcdatamodel; path = ArticleDB.xcdatamodel; sourceTree = "<group>"; };
		BF7F8F1C249D2F0C0059DE1F /* User.swift */ = {isa = PBXFileReference; lastKnownFileType = sourcecode.swift; path = User.swift; sourceTree = "<group>"; };
		BF7F8F20249D2F1C0059DE1F /* Media.swift */ = {isa = PBXFileReference; lastKnownFileType = sourcecode.swift; path = Media.swift; sourceTree = "<group>"; };
		BFCBE1C1249A6D7B0050D17F /* J2JBlogger.app */ = {isa = PBXFileReference; explicitFileType = wrapper.application; includeInIndex = 0; path = J2JBlogger.app; sourceTree = BUILT_PRODUCTS_DIR; };
		BFCBE1C4249A6D7B0050D17F /* AppDelegate.swift */ = {isa = PBXFileReference; lastKnownFileType = sourcecode.swift; path = AppDelegate.swift; sourceTree = "<group>"; };
		BFCBE1C6249A6D7B0050D17F /* SceneDelegate.swift */ = {isa = PBXFileReference; lastKnownFileType = sourcecode.swift; path = SceneDelegate.swift; sourceTree = "<group>"; };
		BFCBE1C8249A6D7B0050D17F /* ArticleViewController.swift */ = {isa = PBXFileReference; lastKnownFileType = sourcecode.swift; path = ArticleViewController.swift; sourceTree = "<group>"; };
		BFCBE1CB249A6D7B0050D17F /* Base */ = {isa = PBXFileReference; lastKnownFileType = file.storyboard; name = Base; path = Base.lproj/Main.storyboard; sourceTree = "<group>"; };
		BFCBE1CD249A6D7E0050D17F /* Assets.xcassets */ = {isa = PBXFileReference; lastKnownFileType = folder.assetcatalog; path = Assets.xcassets; sourceTree = "<group>"; };
		BFCBE1D0249A6D7E0050D17F /* Base */ = {isa = PBXFileReference; lastKnownFileType = file.storyboard; name = Base; path = Base.lproj/LaunchScreen.storyboard; sourceTree = "<group>"; };
		BFCBE1D2249A6D7F0050D17F /* Info.plist */ = {isa = PBXFileReference; lastKnownFileType = text.plist.xml; path = Info.plist; sourceTree = "<group>"; };
		BFCBE1D7249A6D7F0050D17F /* J2JBloggerTests.xctest */ = {isa = PBXFileReference; explicitFileType = wrapper.cfbundle; includeInIndex = 0; path = J2JBloggerTests.xctest; sourceTree = BUILT_PRODUCTS_DIR; };
		BFCBE1DB249A6D7F0050D17F /* J2JBloggerTests.swift */ = {isa = PBXFileReference; lastKnownFileType = sourcecode.swift; path = J2JBloggerTests.swift; sourceTree = "<group>"; };
		BFCBE1DD249A6D7F0050D17F /* Info.plist */ = {isa = PBXFileReference; lastKnownFileType = text.plist.xml; path = Info.plist; sourceTree = "<group>"; };
		BFCBE1E2249A6D7F0050D17F /* J2JBloggerUITests.xctest */ = {isa = PBXFileReference; explicitFileType = wrapper.cfbundle; includeInIndex = 0; path = J2JBloggerUITests.xctest; sourceTree = BUILT_PRODUCTS_DIR; };
		BFCBE1E6249A6D7F0050D17F /* J2JBloggerUITests.swift */ = {isa = PBXFileReference; lastKnownFileType = sourcecode.swift; path = J2JBloggerUITests.swift; sourceTree = "<group>"; };
		BFCBE1E8249A6D7F0050D17F /* Info.plist */ = {isa = PBXFileReference; lastKnownFileType = text.plist.xml; path = Info.plist; sourceTree = "<group>"; };
		BFCBE1F8249A6ECB0050D17F /* Article.swift */ = {isa = PBXFileReference; lastKnownFileType = sourcecode.swift; path = Article.swift; sourceTree = "<group>"; };
		BFCBE1FC249A6F090050D17F /* ArticleViewModel.swift */ = {isa = PBXFileReference; lastKnownFileType = sourcecode.swift; path = ArticleViewModel.swift; sourceTree = "<group>"; };
		BFCBE201249A71950050D17F /* ClientService.swift */ = {isa = PBXFileReference; fileEncoding = 4; lastKnownFileType = sourcecode.swift; path = ClientService.swift; sourceTree = "<group>"; };
		BFCBE207249B58E20050D17F /* ArticleCell.swift */ = {isa = PBXFileReference; lastKnownFileType = sourcecode.swift; path = ArticleCell.swift; sourceTree = "<group>"; };
/* End PBXFileReference section */

/* Begin PBXFrameworksBuildPhase section */
		BFCBE1BE249A6D7B0050D17F /* Frameworks */ = {
			isa = PBXFrameworksBuildPhase;
			buildActionMask = 2147483647;
			files = (
			);
			runOnlyForDeploymentPostprocessing = 0;
		};
		BFCBE1D4249A6D7F0050D17F /* Frameworks */ = {
			isa = PBXFrameworksBuildPhase;
			buildActionMask = 2147483647;
			files = (
			);
			runOnlyForDeploymentPostprocessing = 0;
		};
		BFCBE1DF249A6D7F0050D17F /* Frameworks */ = {
			isa = PBXFrameworksBuildPhase;
			buildActionMask = 2147483647;
			files = (
			);
			runOnlyForDeploymentPostprocessing = 0;
		};
/* End PBXFrameworksBuildPhase section */

/* Begin PBXGroup section */
		BF71FAC7249B89C500210980 /* CustomView */ = {
			isa = PBXGroup;
			children = (
				BF71FAC8249B89EA00210980 /* AsyncImageView.swift */,
			);
			path = CustomView;
			sourceTree = "<group>";
		};
		BF776DE2249BADFB00351735 /* Utilities */ = {
			isa = PBXGroup;
			children = (
				BF776DE3249BAE0B00351735 /* Utilities.swift */,
			);
			path = Utilities;
			sourceTree = "<group>";
		};
		BF776DE7249C668200351735 /* CoreData */ = {
			isa = PBXGroup;
			children = (
				BF776DE8249C66A600351735 /* CoreDataManager.swift */,
				BF776DF5249CAB6F00351735 /* DataHelper.swift */,
			);
			path = CoreData;
			sourceTree = "<group>";
		};
		BFCBE1B8249A6D7B0050D17F = {
			isa = PBXGroup;
			children = (
				BFCBE1C3249A6D7B0050D17F /* J2JBlogger */,
				BFCBE1DA249A6D7F0050D17F /* J2JBloggerTests */,
				BFCBE1E5249A6D7F0050D17F /* J2JBloggerUITests */,
				BFCBE1C2249A6D7B0050D17F /* Products */,
			);
			sourceTree = "<group>";
		};
		BFCBE1C2249A6D7B0050D17F /* Products */ = {
			isa = PBXGroup;
			children = (
				BFCBE1C1249A6D7B0050D17F /* J2JBlogger.app */,
				BFCBE1D7249A6D7F0050D17F /* J2JBloggerTests.xctest */,
				BFCBE1E2249A6D7F0050D17F /* J2JBloggerUITests.xctest */,
			);
			name = Products;
			sourceTree = "<group>";
		};
		BFCBE1C3249A6D7B0050D17F /* J2JBlogger */ = {
			isa = PBXGroup;
			children = (
				BF776DE2249BADFB00351735 /* Utilities */,
				BFCBE200249A700B0050D17F /* Service */,
				BFCBE1F7249A6E230050D17F /* Controller */,
				BFCBE1F6249A6E050050D17F /* ViewModel */,
				BFCBE1F5249A6DE30050D17F /* Model */,
				BFCBE1F4249A6DD30050D17F /* View */,
				BFCBE1C4249A6D7B0050D17F /* AppDelegate.swift */,
				BFCBE1C6249A6D7B0050D17F /* SceneDelegate.swift */,
				BFCBE1CD249A6D7E0050D17F /* Assets.xcassets */,
				BFCBE1CA249A6D7B0050D17F /* Main.storyboard */,
				BFCBE1CF249A6D7E0050D17F /* LaunchScreen.storyboard */,
				BFCBE1D2249A6D7F0050D17F /* Info.plist */,
				BF776DF9249CB70400351735 /* ArticleDB.xcdatamodeld */,
			);
			path = J2JBlogger;
			sourceTree = "<group>";
		};
		BFCBE1DA249A6D7F0050D17F /* J2JBloggerTests */ = {
			isa = PBXGroup;
			children = (
				BFCBE1DB249A6D7F0050D17F /* J2JBloggerTests.swift */,
				BFCBE1DD249A6D7F0050D17F /* Info.plist */,
			);
			path = J2JBloggerTests;
			sourceTree = "<group>";
		};
		BFCBE1E5249A6D7F0050D17F /* J2JBloggerUITests */ = {
			isa = PBXGroup;
			children = (
				BFCBE1E6249A6D7F0050D17F /* J2JBloggerUITests.swift */,
				BFCBE1E8249A6D7F0050D17F /* Info.plist */,
			);
			path = J2JBloggerUITests;
			sourceTree = "<group>";
		};
		BFCBE1F4249A6DD30050D17F /* View */ = {
			isa = PBXGroup;
			children = (
				BF71FAC7249B89C500210980 /* CustomView */,
				BFCBE207249B58E20050D17F /* ArticleCell.swift */,
			);
			path = View;
			sourceTree = "<group>";
		};
		BFCBE1F5249A6DE30050D17F /* Model */ = {
			isa = PBXGroup;
			children = (
				BFCBE1F8249A6ECB0050D17F /* Article.swift */,
				BF7F8F1C249D2F0C0059DE1F /* User.swift */,
				BF7F8F20249D2F1C0059DE1F /* Media.swift */,
			);
			path = Model;
			sourceTree = "<group>";
		};
		BFCBE1F6249A6E050050D17F /* ViewModel */ = {
			isa = PBXGroup;
			children = (
				BFCBE1FC249A6F090050D17F /* ArticleViewModel.swift */,
			);
			path = ViewModel;
			sourceTree = "<group>";
		};
		BFCBE1F7249A6E230050D17F /* Controller */ = {
			isa = PBXGroup;
			children = (
				BFCBE1C8249A6D7B0050D17F /* ArticleViewController.swift */,
			);
			path = Controller;
			sourceTree = "<group>";
		};
		BFCBE200249A700B0050D17F /* Service */ = {
			isa = PBXGroup;
			children = (
				BF776DE7249C668200351735 /* CoreData */,
				BFCBE201249A71950050D17F /* ClientService.swift */,
				BF776DF1249CA48F00351735 /* NetworkManager.swift */,
			);
			path = Service;
			sourceTree = "<group>";
		};
/* End PBXGroup section */

/* Begin PBXNativeTarget section */
		BFCBE1C0249A6D7B0050D17F /* J2JBlogger */ = {
			isa = PBXNativeTarget;
			buildConfigurationList = BFCBE1EB249A6D7F0050D17F /* Build configuration list for PBXNativeTarget "J2JBlogger" */;
			buildPhases = (
				BFCBE1BD249A6D7B0050D17F /* Sources */,
				BFCBE1BE249A6D7B0050D17F /* Frameworks */,
				BFCBE1BF249A6D7B0050D17F /* Resources */,
			);
			buildRules = (
			);
			dependencies = (
			);
			name = J2JBlogger;
			productName = J2JBlogger;
			productReference = BFCBE1C1249A6D7B0050D17F /* J2JBlogger.app */;
			productType = "com.apple.product-type.application";
		};
		BFCBE1D6249A6D7F0050D17F /* J2JBloggerTests */ = {
			isa = PBXNativeTarget;
			buildConfigurationList = BFCBE1EE249A6D7F0050D17F /* Build configuration list for PBXNativeTarget "J2JBloggerTests" */;
			buildPhases = (
				BFCBE1D3249A6D7F0050D17F /* Sources */,
				BFCBE1D4249A6D7F0050D17F /* Frameworks */,
				BFCBE1D5249A6D7F0050D17F /* Resources */,
			);
			buildRules = (
			);
			dependencies = (
				BFCBE1D9249A6D7F0050D17F /* PBXTargetDependency */,
			);
			name = J2JBloggerTests;
			productName = J2JBloggerTests;
			productReference = BFCBE1D7249A6D7F0050D17F /* J2JBloggerTests.xctest */;
			productType = "com.apple.product-type.bundle.unit-test";
		};
		BFCBE1E1249A6D7F0050D17F /* J2JBloggerUITests */ = {
			isa = PBXNativeTarget;
			buildConfigurationList = BFCBE1F1249A6D7F0050D17F /* Build configuration list for PBXNativeTarget "J2JBloggerUITests" */;
			buildPhases = (
				BFCBE1DE249A6D7F0050D17F /* Sources */,
				BFCBE1DF249A6D7F0050D17F /* Frameworks */,
				BFCBE1E0249A6D7F0050D17F /* Resources */,
			);
			buildRules = (
			);
			dependencies = (
				BFCBE1E4249A6D7F0050D17F /* PBXTargetDependency */,
			);
			name = J2JBloggerUITests;
			productName = J2JBloggerUITests;
			productReference = BFCBE1E2249A6D7F0050D17F /* J2JBloggerUITests.xctest */;
			productType = "com.apple.product-type.bundle.ui-testing";
		};
/* End PBXNativeTarget section */

/* Begin PBXProject section */
		BFCBE1B9249A6D7B0050D17F /* Project object */ = {
			isa = PBXProject;
			attributes = {
				LastSwiftUpdateCheck = 1100;
				LastUpgradeCheck = 1100;
				ORGANIZATIONNAME = "Lawand, Poonam";
				TargetAttributes = {
					BFCBE1C0249A6D7B0050D17F = {
						CreatedOnToolsVersion = 11.0;
					};
					BFCBE1D6249A6D7F0050D17F = {
						CreatedOnToolsVersion = 11.0;
						TestTargetID = BFCBE1C0249A6D7B0050D17F;
					};
					BFCBE1E1249A6D7F0050D17F = {
						CreatedOnToolsVersion = 11.0;
						TestTargetID = BFCBE1C0249A6D7B0050D17F;
					};
				};
			};
			buildConfigurationList = BFCBE1BC249A6D7B0050D17F /* Build configuration list for PBXProject "J2JBlogger" */;
			compatibilityVersion = "Xcode 9.3";
			developmentRegion = en;
			hasScannedForEncodings = 0;
			knownRegions = (
				en,
				Base,
			);
			mainGroup = BFCBE1B8249A6D7B0050D17F;
			productRefGroup = BFCBE1C2249A6D7B0050D17F /* Products */;
			projectDirPath = "";
			projectRoot = "";
			targets = (
				BFCBE1C0249A6D7B0050D17F /* J2JBlogger */,
				BFCBE1D6249A6D7F0050D17F /* J2JBloggerTests */,
				BFCBE1E1249A6D7F0050D17F /* J2JBloggerUITests */,
			);
		};
/* End PBXProject section */

/* Begin PBXResourcesBuildPhase section */
		BFCBE1BF249A6D7B0050D17F /* Resources */ = {
			isa = PBXResourcesBuildPhase;
			buildActionMask = 2147483647;
			files = (
				BFCBE1D1249A6D7E0050D17F /* LaunchScreen.storyboard in Resources */,
				BFCBE1CE249A6D7E0050D17F /* Assets.xcassets in Resources */,
				BFCBE1CC249A6D7B0050D17F /* Main.storyboard in Resources */,
			);
			runOnlyForDeploymentPostprocessing = 0;
		};
		BFCBE1D5249A6D7F0050D17F /* Resources */ = {
			isa = PBXResourcesBuildPhase;
			buildActionMask = 2147483647;
			files = (
				BF71FAC5249B649B00210980 /* Main.storyboard in Resources */,
			);
			runOnlyForDeploymentPostprocessing = 0;
		};
		BFCBE1E0249A6D7F0050D17F /* Resources */ = {
			isa = PBXResourcesBuildPhase;
			buildActionMask = 2147483647;
			files = (
				BF71FAC6249B649C00210980 /* Main.storyboard in Resources */,
			);
			runOnlyForDeploymentPostprocessing = 0;
		};
/* End PBXResourcesBuildPhase section */

/* Begin PBXSourcesBuildPhase section */
		BFCBE1BD249A6D7B0050D17F /* Sources */ = {
			isa = PBXSourcesBuildPhase;
			buildActionMask = 2147483647;
			files = (
				BF776DFB249CB70400351735 /* ArticleDB.xcdatamodeld in Sources */,
				BF776DF2249CA48F00351735 /* NetworkManager.swift in Sources */,
				BF776DF6249CAB6F00351735 /* DataHelper.swift in Sources */,
				BFCBE202249A71950050D17F /* ClientService.swift in Sources */,
				BFCBE1F9249A6ECB0050D17F /* Article.swift in Sources */,
				BFCBE1C9249A6D7B0050D17F /* ArticleViewController.swift in Sources */,
				BF7F8F1D249D2F0C0059DE1F /* User.swift in Sources */,
				BF71FAC9249B89EA00210980 /* AsyncImageView.swift in Sources */,
				BFCBE1C5249A6D7B0050D17F /* AppDelegate.swift in Sources */,
				BFCBE208249B58E20050D17F /* ArticleCell.swift in Sources */,
				BF776DE4249BAE0B00351735 /* Utilities.swift in Sources */,
				BFCBE1FD249A6F090050D17F /* ArticleViewModel.swift in Sources */,
				BF776DE9249C66A600351735 /* CoreDataManager.swift in Sources */,
				BFCBE1C7249A6D7B0050D17F /* SceneDelegate.swift in Sources */,
				BF7F8F21249D2F1C0059DE1F /* Media.swift in Sources */,
			);
			runOnlyForDeploymentPostprocessing = 0;
		};
		BFCBE1D3249A6D7F0050D17F /* Sources */ = {
			isa = PBXSourcesBuildPhase;
			buildActionMask = 2147483647;
			files = (
				BF776DF3249CA48F00351735 /* NetworkManager.swift in Sources */,
				BFCBE1FE249A6F090050D17F /* ArticleViewModel.swift in Sources */,
				BF7F8F22249D2F1C0059DE1F /* Media.swift in Sources */,
				BF776DFC249CB70400351735 /* ArticleDB.xcdatamodeld in Sources */,
				BF776DE5249BEBC100351735 /* ArticleViewController.swift in Sources */,
				BFCBE1FA249A6ECB0050D17F /* Article.swift in Sources */,
				BFCBE205249B32E00050D17F /* ClientService.swift in Sources */,
				BFCBE209249B58E20050D17F /* ArticleCell.swift in Sources */,
				BF776DEA249C66A600351735 /* CoreDataManager.swift in Sources */,
				BFCBE1DC249A6D7F0050D17F /* J2JBloggerTests.swift in Sources */,
				BF776DF7249CAB6F00351735 /* DataHelper.swift in Sources */,
				BF7F8F1E249D2F0C0059DE1F /* User.swift in Sources */,
			);
			runOnlyForDeploymentPostprocessing = 0;
		};
		BFCBE1DE249A6D7F0050D17F /* Sources */ = {
			isa = PBXSourcesBuildPhase;
			buildActionMask = 2147483647;
			files = (
				BF776DF4249CA48F00351735 /* NetworkManager.swift in Sources */,
				BFCBE1FF249A6F090050D17F /* ArticleViewModel.swift in Sources */,
				BF7F8F23249D2F1C0059DE1F /* Media.swift in Sources */,
				BF776DFD249CB70400351735 /* ArticleDB.xcdatamodeld in Sources */,
				BF776DE6249BEBC200351735 /* ArticleViewController.swift in Sources */,
				BFCBE1FB249A6ECB0050D17F /* Article.swift in Sources */,
				BFCBE206249B32E10050D17F /* ClientService.swift in Sources */,
				BFCBE20A249B58E20050D17F /* ArticleCell.swift in Sources */,
				BF776DEB249C66A600351735 /* CoreDataManager.swift in Sources */,
				BFCBE1E7249A6D7F0050D17F /* J2JBloggerUITests.swift in Sources */,
				BF776DF8249CAB6F00351735 /* DataHelper.swift in Sources */,
				BF7F8F1F249D2F0C0059DE1F /* User.swift in Sources */,
			);
			runOnlyForDeploymentPostprocessing = 0;
		};
/* End PBXSourcesBuildPhase section */

/* Begin PBXTargetDependency section */
		BFCBE1D9249A6D7F0050D17F /* PBXTargetDependency */ = {
			isa = PBXTargetDependency;
			target = BFCBE1C0249A6D7B0050D17F /* J2JBlogger */;
			targetProxy = BFCBE1D8249A6D7F0050D17F /* PBXContainerItemProxy */;
		};
		BFCBE1E4249A6D7F0050D17F /* PBXTargetDependency */ = {
			isa = PBXTargetDependency;
			target = BFCBE1C0249A6D7B0050D17F /* J2JBlogger */;
			targetProxy = BFCBE1E3249A6D7F0050D17F /* PBXContainerItemProxy */;
		};
/* End PBXTargetDependency section */

/* Begin PBXVariantGroup section */
		BFCBE1CA249A6D7B0050D17F /* Main.storyboard */ = {
			isa = PBXVariantGroup;
			children = (
				BFCBE1CB249A6D7B0050D17F /* Base */,
			);
			name = Main.storyboard;
			sourceTree = "<group>";
		};
		BFCBE1CF249A6D7E0050D17F /* LaunchScreen.storyboard */ = {
			isa = PBXVariantGroup;
			children = (
				BFCBE1D0249A6D7E0050D17F /* Base */,
			);
			name = LaunchScreen.storyboard;
			sourceTree = "<group>";
		};
/* End PBXVariantGroup section */

/* Begin XCBuildConfiguration section */
		BFCBE1E9249A6D7F0050D17F /* Debug */ = {
			isa = XCBuildConfiguration;
			buildSettings = {
				ALWAYS_SEARCH_USER_PATHS = NO;
				CLANG_ANALYZER_NONNULL = YES;
				CLANG_ANALYZER_NUMBER_OBJECT_CONVERSION = YES_AGGRESSIVE;
				CLANG_CXX_LANGUAGE_STANDARD = "gnu++14";
				CLANG_CXX_LIBRARY = "libc++";
				CLANG_ENABLE_MODULES = YES;
				CLANG_ENABLE_OBJC_ARC = YES;
				CLANG_ENABLE_OBJC_WEAK = YES;
				CLANG_WARN_BLOCK_CAPTURE_AUTORELEASING = YES;
				CLANG_WARN_BOOL_CONVERSION = YES;
				CLANG_WARN_COMMA = YES;
				CLANG_WARN_CONSTANT_CONVERSION = YES;
				CLANG_WARN_DEPRECATED_OBJC_IMPLEMENTATIONS = YES;
				CLANG_WARN_DIRECT_OBJC_ISA_USAGE = YES_ERROR;
				CLANG_WARN_DOCUMENTATION_COMMENTS = YES;
				CLANG_WARN_EMPTY_BODY = YES;
				CLANG_WARN_ENUM_CONVERSION = YES;
				CLANG_WARN_INFINITE_RECURSION = YES;
				CLANG_WARN_INT_CONVERSION = YES;
				CLANG_WARN_NON_LITERAL_NULL_CONVERSION = YES;
				CLANG_WARN_OBJC_IMPLICIT_RETAIN_SELF = YES;
				CLANG_WARN_OBJC_LITERAL_CONVERSION = YES;
				CLANG_WARN_OBJC_ROOT_CLASS = YES_ERROR;
				CLANG_WARN_RANGE_LOOP_ANALYSIS = YES;
				CLANG_WARN_STRICT_PROTOTYPES = YES;
				CLANG_WARN_SUSPICIOUS_MOVE = YES;
				CLANG_WARN_UNGUARDED_AVAILABILITY = YES_AGGRESSIVE;
				CLANG_WARN_UNREACHABLE_CODE = YES;
				CLANG_WARN__DUPLICATE_METHOD_MATCH = YES;
				COPY_PHASE_STRIP = NO;
				DEBUG_INFORMATION_FORMAT = dwarf;
				ENABLE_STRICT_OBJC_MSGSEND = YES;
				ENABLE_TESTABILITY = YES;
				GCC_C_LANGUAGE_STANDARD = gnu11;
				GCC_DYNAMIC_NO_PIC = NO;
				GCC_NO_COMMON_BLOCKS = YES;
				GCC_OPTIMIZATION_LEVEL = 0;
				GCC_PREPROCESSOR_DEFINITIONS = (
					"DEBUG=1",
					"$(inherited)",
				);
				GCC_WARN_64_TO_32_BIT_CONVERSION = YES;
				GCC_WARN_ABOUT_RETURN_TYPE = YES_ERROR;
				GCC_WARN_UNDECLARED_SELECTOR = YES;
				GCC_WARN_UNINITIALIZED_AUTOS = YES_AGGRESSIVE;
				GCC_WARN_UNUSED_FUNCTION = YES;
				GCC_WARN_UNUSED_VARIABLE = YES;
				IPHONEOS_DEPLOYMENT_TARGET = 13.0;
				MTL_ENABLE_DEBUG_INFO = INCLUDE_SOURCE;
				MTL_FAST_MATH = YES;
				ONLY_ACTIVE_ARCH = YES;
				SDKROOT = iphoneos;
				SWIFT_ACTIVE_COMPILATION_CONDITIONS = DEBUG;
				SWIFT_OPTIMIZATION_LEVEL = "-Onone";
			};
			name = Debug;
		};
		BFCBE1EA249A6D7F0050D17F /* Release */ = {
			isa = XCBuildConfiguration;
			buildSettings = {
				ALWAYS_SEARCH_USER_PATHS = NO;
				CLANG_ANALYZER_NONNULL = YES;
				CLANG_ANALYZER_NUMBER_OBJECT_CONVERSION = YES_AGGRESSIVE;
				CLANG_CXX_LANGUAGE_STANDARD = "gnu++14";
				CLANG_CXX_LIBRARY = "libc++";
				CLANG_ENABLE_MODULES = YES;
				CLANG_ENABLE_OBJC_ARC = YES;
				CLANG_ENABLE_OBJC_WEAK = YES;
				CLANG_WARN_BLOCK_CAPTURE_AUTORELEASING = YES;
				CLANG_WARN_BOOL_CONVERSION = YES;
				CLANG_WARN_COMMA = YES;
				CLANG_WARN_CONSTANT_CONVERSION = YES;
				CLANG_WARN_DEPRECATED_OBJC_IMPLEMENTATIONS = YES;
				CLANG_WARN_DIRECT_OBJC_ISA_USAGE = YES_ERROR;
				CLANG_WARN_DOCUMENTATION_COMMENTS = YES;
				CLANG_WARN_EMPTY_BODY = YES;
				CLANG_WARN_ENUM_CONVERSION = YES;
				CLANG_WARN_INFINITE_RECURSION = YES;
				CLANG_WARN_INT_CONVERSION = YES;
				CLANG_WARN_NON_LITERAL_NULL_CONVERSION = YES;
				CLANG_WARN_OBJC_IMPLICIT_RETAIN_SELF = YES;
				CLANG_WARN_OBJC_LITERAL_CONVERSION = YES;
				CLANG_WARN_OBJC_ROOT_CLASS = YES_ERROR;
				CLANG_WARN_RANGE_LOOP_ANALYSIS = YES;
				CLANG_WARN_STRICT_PROTOTYPES = YES;
				CLANG_WARN_SUSPICIOUS_MOVE = YES;
				CLANG_WARN_UNGUARDED_AVAILABILITY = YES_AGGRESSIVE;
				CLANG_WARN_UNREACHABLE_CODE = YES;
				CLANG_WARN__DUPLICATE_METHOD_MATCH = YES;
				COPY_PHASE_STRIP = NO;
				DEBUG_INFORMATION_FORMAT = "dwarf-with-dsym";
				ENABLE_NS_ASSERTIONS = NO;
				ENABLE_STRICT_OBJC_MSGSEND = YES;
				GCC_C_LANGUAGE_STANDARD = gnu11;
				GCC_NO_COMMON_BLOCKS = YES;
				GCC_WARN_64_TO_32_BIT_CONVERSION = YES;
				GCC_WARN_ABOUT_RETURN_TYPE = YES_ERROR;
				GCC_WARN_UNDECLARED_SELECTOR = YES;
				GCC_WARN_UNINITIALIZED_AUTOS = YES_AGGRESSIVE;
				GCC_WARN_UNUSED_FUNCTION = YES;
				GCC_WARN_UNUSED_VARIABLE = YES;
				IPHONEOS_DEPLOYMENT_TARGET = 13.0;
				MTL_ENABLE_DEBUG_INFO = NO;
				MTL_FAST_MATH = YES;
				SDKROOT = iphoneos;
				SWIFT_COMPILATION_MODE = wholemodule;
				SWIFT_OPTIMIZATION_LEVEL = "-O";
				VALIDATE_PRODUCT = YES;
			};
			name = Release;
		};
		BFCBE1EC249A6D7F0050D17F /* Debug */ = {
			isa = XCBuildConfiguration;
			buildSettings = {
				ASSETCATALOG_COMPILER_APPICON_NAME = AppIcon;
				CODE_SIGN_STYLE = Automatic;
				DEVELOPMENT_TEAM = F4GNK7HBH3;
				INFOPLIST_FILE = J2JBlogger/Info.plist;
				LD_RUNPATH_SEARCH_PATHS = (
					"$(inherited)",
					"@executable_path/Frameworks",
				);
				PRODUCT_BUNDLE_IDENTIFIER = "Jet-2-Travel.J2JBlogger";
				PRODUCT_NAME = "$(TARGET_NAME)";
				SWIFT_VERSION = 5.0;
				TARGETED_DEVICE_FAMILY = "1,2";
			};
			name = Debug;
		};
		BFCBE1ED249A6D7F0050D17F /* Release */ = {
			isa = XCBuildConfiguration;
			buildSettings = {
				ASSETCATALOG_COMPILER_APPICON_NAME = AppIcon;
				CODE_SIGN_STYLE = Automatic;
				DEVELOPMENT_TEAM = F4GNK7HBH3;
				INFOPLIST_FILE = J2JBlogger/Info.plist;
				LD_RUNPATH_SEARCH_PATHS = (
					"$(inherited)",
					"@executable_path/Frameworks",
				);
				PRODUCT_BUNDLE_IDENTIFIER = "Jet-2-Travel.J2JBlogger";
				PRODUCT_NAME = "$(TARGET_NAME)";
				SWIFT_VERSION = 5.0;
				TARGETED_DEVICE_FAMILY = "1,2";
			};
			name = Release;
		};
		BFCBE1EF249A6D7F0050D17F /* Debug */ = {
			isa = XCBuildConfiguration;
			buildSettings = {
				ALWAYS_EMBED_SWIFT_STANDARD_LIBRARIES = YES;
				BUNDLE_LOADER = "$(TEST_HOST)";
				CODE_SIGN_STYLE = Automatic;
				DEVELOPMENT_TEAM = F4GNK7HBH3;
				INFOPLIST_FILE = J2JBloggerTests/Info.plist;
				IPHONEOS_DEPLOYMENT_TARGET = 13.0;
				LD_RUNPATH_SEARCH_PATHS = (
					"$(inherited)",
					"@executable_path/Frameworks",
					"@loader_path/Frameworks",
				);
				PRODUCT_BUNDLE_IDENTIFIER = "Jet-2-Travel.J2JBloggerTests";
				PRODUCT_NAME = "$(TARGET_NAME)";
				SWIFT_VERSION = 5.0;
				TARGETED_DEVICE_FAMILY = "1,2";
				TEST_HOST = "$(BUILT_PRODUCTS_DIR)/J2JBlogger.app/J2JBlogger";
			};
			name = Debug;
		};
		BFCBE1F0249A6D7F0050D17F /* Release */ = {
			isa = XCBuildConfiguration;
			buildSettings = {
				ALWAYS_EMBED_SWIFT_STANDARD_LIBRARIES = YES;
				BUNDLE_LOADER = "$(TEST_HOST)";
				CODE_SIGN_STYLE = Automatic;
				DEVELOPMENT_TEAM = F4GNK7HBH3;
				INFOPLIST_FILE = J2JBloggerTests/Info.plist;
				IPHONEOS_DEPLOYMENT_TARGET = 13.0;
				LD_RUNPATH_SEARCH_PATHS = (
					"$(inherited)",
					"@executable_path/Frameworks",
					"@loader_path/Frameworks",
				);
				PRODUCT_BUNDLE_IDENTIFIER = "Jet-2-Travel.J2JBloggerTests";
				PRODUCT_NAME = "$(TARGET_NAME)";
				SWIFT_VERSION = 5.0;
				TARGETED_DEVICE_FAMILY = "1,2";
				TEST_HOST = "$(BUILT_PRODUCTS_DIR)/J2JBlogger.app/J2JBlogger";
			};
			name = Release;
		};
		BFCBE1F2249A6D7F0050D17F /* Debug */ = {
			isa = XCBuildConfiguration;
			buildSettings = {
				ALWAYS_EMBED_SWIFT_STANDARD_LIBRARIES = YES;
				CODE_SIGN_STYLE = Automatic;
				DEVELOPMENT_TEAM = F4GNK7HBH3;
				INFOPLIST_FILE = J2JBloggerUITests/Info.plist;
				LD_RUNPATH_SEARCH_PATHS = (
					"$(inherited)",
					"@executable_path/Frameworks",
					"@loader_path/Frameworks",
				);
				PRODUCT_BUNDLE_IDENTIFIER = "Jet-2-Travel.J2JBloggerUITests";
				PRODUCT_NAME = "$(TARGET_NAME)";
				SWIFT_VERSION = 5.0;
				TARGETED_DEVICE_FAMILY = "1,2";
				TEST_TARGET_NAME = J2JBlogger;
			};
			name = Debug;
		};
		BFCBE1F3249A6D7F0050D17F /* Release */ = {
			isa = XCBuildConfiguration;
			buildSettings = {
				ALWAYS_EMBED_SWIFT_STANDARD_LIBRARIES = YES;
				CODE_SIGN_STYLE = Automatic;
				DEVELOPMENT_TEAM = F4GNK7HBH3;
				INFOPLIST_FILE = J2JBloggerUITests/Info.plist;
				LD_RUNPATH_SEARCH_PATHS = (
					"$(inherited)",
					"@executable_path/Frameworks",
					"@loader_path/Frameworks",
				);
				PRODUCT_BUNDLE_IDENTIFIER = "Jet-2-Travel.J2JBloggerUITests";
				PRODUCT_NAME = "$(TARGET_NAME)";
				SWIFT_VERSION = 5.0;
				TARGETED_DEVICE_FAMILY = "1,2";
				TEST_TARGET_NAME = J2JBlogger;
			};
			name = Release;
		};
/* End XCBuildConfiguration section */

/* Begin XCConfigurationList section */
		BFCBE1BC249A6D7B0050D17F /* Build configuration list for PBXProject "J2JBlogger" */ = {
			isa = XCConfigurationList;
			buildConfigurations = (
				BFCBE1E9249A6D7F0050D17F /* Debug */,
				BFCBE1EA249A6D7F0050D17F /* Release */,
			);
			defaultConfigurationIsVisible = 0;
			defaultConfigurationName = Release;
		};
		BFCBE1EB249A6D7F0050D17F /* Build configuration list for PBXNativeTarget "J2JBlogger" */ = {
			isa = XCConfigurationList;
			buildConfigurations = (
				BFCBE1EC249A6D7F0050D17F /* Debug */,
				BFCBE1ED249A6D7F0050D17F /* Release */,
			);
			defaultConfigurationIsVisible = 0;
			defaultConfigurationName = Release;
		};
		BFCBE1EE249A6D7F0050D17F /* Build configuration list for PBXNativeTarget "J2JBloggerTests" */ = {
			isa = XCConfigurationList;
			buildConfigurations = (
				BFCBE1EF249A6D7F0050D17F /* Debug */,
				BFCBE1F0249A6D7F0050D17F /* Release */,
			);
			defaultConfigurationIsVisible = 0;
			defaultConfigurationName = Release;
		};
		BFCBE1F1249A6D7F0050D17F /* Build configuration list for PBXNativeTarget "J2JBloggerUITests" */ = {
			isa = XCConfigurationList;
			buildConfigurations = (
				BFCBE1F2249A6D7F0050D17F /* Debug */,
				BFCBE1F3249A6D7F0050D17F /* Release */,
			);
			defaultConfigurationIsVisible = 0;
			defaultConfigurationName = Release;
		};
/* End XCConfigurationList section */

/* Begin XCVersionGroup section */
		BF776DF9249CB70400351735 /* ArticleDB.xcdatamodeld */ = {
			isa = XCVersionGroup;
			children = (
				BF776DFA249CB70400351735 /* ArticleDB.xcdatamodel */,
			);
			currentVersion = BF776DFA249CB70400351735 /* ArticleDB.xcdatamodel */;
			path = ArticleDB.xcdatamodeld;
			sourceTree = "<group>";
			versionGroupType = wrapper.xcdatamodel;
		};
/* End XCVersionGroup section */
	};
	rootObject = BFCBE1B9249A6D7B0050D17F /* Project object */;
}
